// !$*UTF8*$!
{
	archiveVersion = 1;
	classes = {
	};
	objectVersion = 48;
	objects = {

/* Begin PBXBuildFile section */
		AF7F6F8C208107E7000A8C4C /* AppDelegate.m in Sources */ = {isa = PBXBuildFile; fileRef = AF7F6F8B208107E7000A8C4C /* AppDelegate.m */; };
		AF7F6F8F208107E7000A8C4C /* ViewController.m in Sources */ = {isa = PBXBuildFile; fileRef = AF7F6F8E208107E7000A8C4C /* ViewController.m */; };
		AF7F6F9A208107E7000A8C4C /* main.m in Sources */ = {isa = PBXBuildFile; fileRef = AF7F6F99208107E7000A8C4C /* main.m */; };
		CEA7F3DC2B4F9A5B0064090F /* luascript in Resources */ = {isa = PBXBuildFile; fileRef = CEA7F3DB2B4F9A5B0064090F /* luascript */; };
		CEA7F4FD2B50D6B50064090F /* WMLuaRunner.m in Sources */ = {isa = PBXBuildFile; fileRef = CEA7F4FC2B50D6B50064090F /* WMLuaRunner.m */; };
		CEA7F5292B5140730064090F /* Lua.framework in Frameworks */ = {isa = PBXBuildFile; fileRef = CEA7F5282B5140730064090F /* Lua.framework */; };
/* End PBXBuildFile section */

/* Begin PBXFileReference section */
		AF7F6F87208107E7000A8C4C /* LuaApp.app */ = {isa = PBXFileReference; explicitFileType = wrapper.application; includeInIndex = 0; path = LuaApp.app; sourceTree = BUILT_PRODUCTS_DIR; };
		AF7F6F8A208107E7000A8C4C /* AppDelegate.h */ = {isa = PBXFileReference; lastKnownFileType = sourcecode.c.h; path = AppDelegate.h; sourceTree = "<group>"; };
		AF7F6F8B208107E7000A8C4C /* AppDelegate.m */ = {isa = PBXFileReference; lastKnownFileType = sourcecode.c.objc; path = AppDelegate.m; sourceTree = "<group>"; };
		AF7F6F8D208107E7000A8C4C /* ViewController.h */ = {isa = PBXFileReference; lastKnownFileType = sourcecode.c.h; path = ViewController.h; sourceTree = "<group>"; };
		AF7F6F8E208107E7000A8C4C /* ViewController.m */ = {isa = PBXFileReference; lastKnownFileType = sourcecode.c.objc; path = ViewController.m; sourceTree = "<group>"; };
		AF7F6F98208107E7000A8C4C /* Info.plist */ = {isa = PBXFileReference; lastKnownFileType = text.plist.xml; path = Info.plist; sourceTree = "<group>"; };
		AF7F6F99208107E7000A8C4C /* main.m */ = {isa = PBXFileReference; lastKnownFileType = sourcecode.c.objc; path = main.m; sourceTree = "<group>"; };
		CEA7F3DB2B4F9A5B0064090F /* luascript */ = {isa = PBXFileReference; lastKnownFileType = folder; path = luascript; sourceTree = "<group>"; };
		CEA7F4EA2B4FF7B10064090F /* lua.framework */ = {isa = PBXFileReference; explicitFileType = wrapper.framework; path = lua.framework; sourceTree = BUILT_PRODUCTS_DIR; };
		CEA7F4FB2B50D6B50064090F /* WMLuaRunner.h */ = {isa = PBXFileReference; lastKnownFileType = sourcecode.c.h; path = WMLuaRunner.h; sourceTree = "<group>"; };
		CEA7F4FC2B50D6B50064090F /* WMLuaRunner.m */ = {isa = PBXFileReference; lastKnownFileType = sourcecode.c.objc; path = WMLuaRunner.m; sourceTree = "<group>"; };
		CEA7F5282B5140730064090F /* Lua.framework */ = {isa = PBXFileReference; explicitFileType = wrapper.framework; path = Lua.framework; sourceTree = BUILT_PRODUCTS_DIR; };
/* End PBXFileReference section */

/* Begin PBXFrameworksBuildPhase section */
		AF7F6F84208107E7000A8C4C /* Frameworks */ = {
			isa = PBXFrameworksBuildPhase;
			buildActionMask = 2147483647;
			files = (
				CEA7F5292B5140730064090F /* Lua.framework in Frameworks */,
			);
			runOnlyForDeploymentPostprocessing = 0;
		};
/* End PBXFrameworksBuildPhase section */

/* Begin PBXGroup section */
		AF7F6F7E208107E6000A8C4C = {
			isa = PBXGroup;
			children = (
				AF7F6F89208107E7000A8C4C /* LuaApp */,
				AF7F6F88208107E7000A8C4C /* Products */,
				CEA7F4E92B4FF7B10064090F /* Frameworks */,
			);
			sourceTree = "<group>";
		};
		AF7F6F88208107E7000A8C4C /* Products */ = {
			isa = PBXGroup;
			children = (
				AF7F6F87208107E7000A8C4C /* LuaApp.app */,
			);
			name = Products;
			sourceTree = "<group>";
		};
		AF7F6F89208107E7000A8C4C /* LuaApp */ = {
			isa = PBXGroup;
			children = (
				CEA7F4F72B50D5F60064090F /* lua */,
				CEA7F3DB2B4F9A5B0064090F /* luascript */,
				AF7F6F8A208107E7000A8C4C /* AppDelegate.h */,
				AF7F6F8B208107E7000A8C4C /* AppDelegate.m */,
				AF7F6F8D208107E7000A8C4C /* ViewController.h */,
				AF7F6F8E208107E7000A8C4C /* ViewController.m */,
				AF7F6F98208107E7000A8C4C /* Info.plist */,
				AF7F6F99208107E7000A8C4C /* main.m */,
			);
			path = LuaApp;
			sourceTree = "<group>";
		};
		CEA7F4E92B4FF7B10064090F /* Frameworks */ = {
			isa = PBXGroup;
			children = (
				CEA7F5282B5140730064090F /* Lua.framework */,
				CEA7F4EA2B4FF7B10064090F /* lua.framework */,
			);
			name = Frameworks;
			sourceTree = "<group>";
		};
		CEA7F4F72B50D5F60064090F /* lua */ = {
			isa = PBXGroup;
			children = (
				CEA7F4FB2B50D6B50064090F /* WMLuaRunner.h */,
				CEA7F4FC2B50D6B50064090F /* WMLuaRunner.m */,
			);
			path = lua;
			sourceTree = "<group>";
		};
/* End PBXGroup section */

/* Begin PBXNativeTarget section */
		AF7F6F86208107E7000A8C4C /* LuaApp */ = {
			isa = PBXNativeTarget;
			buildConfigurationList = AF7F6F9D208107E7000A8C4C /* Build configuration list for PBXNativeTarget "LuaApp" */;
			buildPhases = (
				AF7F6F83208107E7000A8C4C /* Sources */,
				AF7F6F84208107E7000A8C4C /* Frameworks */,
				AF7F6F85208107E7000A8C4C /* Resources */,
			);
			buildRules = (
			);
			dependencies = (
			);
			name = LuaApp;
			productName = "WebViewTest-iOS";
			productReference = AF7F6F87208107E7000A8C4C /* LuaApp.app */;
			productType = "com.apple.product-type.application";
		};
/* End PBXNativeTarget section */

/* Begin PBXProject section */
		AF7F6F7F208107E7000A8C4C /* Project object */ = {
			isa = PBXProject;
			attributes = {
				LastUpgradeCheck = 0920;
				ORGANIZATIONNAME = AI;
				TargetAttributes = {
					AF7F6F86208107E7000A8C4C = {
						CreatedOnToolsVersion = 9.2;
						ProvisioningStyle = Manual;
					};
				};
			};
			buildConfigurationList = AF7F6F82208107E7000A8C4C /* Build configuration list for PBXProject "LuaApp" */;
			compatibilityVersion = "Xcode 8.0";
			developmentRegion = en;
			hasScannedForEncodings = 0;
			knownRegions = (
				en,
				Base,
			);
			mainGroup = AF7F6F7E208107E6000A8C4C;
			productRefGroup = AF7F6F88208107E7000A8C4C /* Products */;
			projectDirPath = "";
			projectRoot = "";
			targets = (
				AF7F6F86208107E7000A8C4C /* LuaApp */,
			);
		};
/* End PBXProject section */

/* Begin PBXResourcesBuildPhase section */
		AF7F6F85208107E7000A8C4C /* Resources */ = {
			isa = PBXResourcesBuildPhase;
			buildActionMask = 2147483647;
			files = (
				CEA7F3DC2B4F9A5B0064090F /* luascript in Resources */,
			);
			runOnlyForDeploymentPostprocessing = 0;
		};
/* End PBXResourcesBuildPhase section */

/* Begin PBXSourcesBuildPhase section */
		AF7F6F83208107E7000A8C4C /* Sources */ = {
			isa = PBXSourcesBuildPhase;
			buildActionMask = 2147483647;
			files = (
				CEA7F4FD2B50D6B50064090F /* WMLuaRunner.m in Sources */,
				AF7F6F8F208107E7000A8C4C /* ViewController.m in Sources */,
				AF7F6F9A208107E7000A8C4C /* main.m in Sources */,
				AF7F6F8C208107E7000A8C4C /* AppDelegate.m in Sources */,
			);
			runOnlyForDeploymentPostprocessing = 0;
		};
/* End PBXSourcesBuildPhase section */

/* Begin XCBuildConfiguration section */
		AF7F6F9B208107E7000A8C4C /* Debug */ = {
			isa = XCBuildConfiguration;
			buildSettings = {
				ALWAYS_SEARCH_USER_PATHS = NO;
				CLANG_ANALYZER_NONNULL = YES;
				CLANG_ANALYZER_NUMBER_OBJECT_CONVERSION = YES_AGGRESSIVE;
				CLANG_CXX_LANGUAGE_STANDARD = "gnu++14";
				CLANG_CXX_LIBRARY = "libc++";
				CLANG_ENABLE_MODULES = YES;
				CLANG_ENABLE_OBJC_ARC = YES;
				CLANG_WARN_BLOCK_CAPTURE_AUTORELEASING = YES;
				CLANG_WARN_BOOL_CONVERSION = YES;
				CLANG_WARN_COMMA = YES;
				CLANG_WARN_CONSTANT_CONVERSION = YES;
				CLANG_WARN_DIRECT_OBJC_ISA_USAGE = YES_ERROR;
				CLANG_WARN_DOCUMENTATION_COMMENTS = YES;
				CLANG_WARN_EMPTY_BODY = YES;
				CLANG_WARN_ENUM_CONVERSION = YES;
				CLANG_WARN_INFINITE_RECURSION = YES;
				CLANG_WARN_INT_CONVERSION = YES;
				CLANG_WARN_NON_LITERAL_NULL_CONVERSION = YES;
				CLANG_WARN_OBJC_LITERAL_CONVERSION = YES;
				CLANG_WARN_OBJC_ROOT_CLASS = YES_ERROR;
				CLANG_WARN_RANGE_LOOP_ANALYSIS = YES;
				CLANG_WARN_STRICT_PROTOTYPES = YES;
				CLANG_WARN_SUSPICIOUS_MOVE = YES;
				CLANG_WARN_UNGUARDED_AVAILABILITY = YES_AGGRESSIVE;
				CLANG_WARN_UNREACHABLE_CODE = YES;
				CLANG_WARN__DUPLICATE_METHOD_MATCH = YES;
				CODE_SIGN_IDENTITY = "iPhone Developer";
				COPY_PHASE_STRIP = NO;
				DEBUG_INFORMATION_FORMAT = dwarf;
				ENABLE_STRICT_OBJC_MSGSEND = YES;
				ENABLE_TESTABILITY = YES;
				GCC_C_LANGUAGE_STANDARD = gnu11;
				GCC_DYNAMIC_NO_PIC = NO;
				GCC_NO_COMMON_BLOCKS = YES;
				GCC_OPTIMIZATION_LEVEL = 0;
				GCC_PREPROCESSOR_DEFINITIONS = (
					"DEBUG=1",
					"$(inherited)",
				);
				GCC_WARN_64_TO_32_BIT_CONVERSION = YES;
				GCC_WARN_ABOUT_RETURN_TYPE = YES_ERROR;
				GCC_WARN_UNDECLARED_SELECTOR = YES;
				GCC_WARN_UNINITIALIZED_AUTOS = YES_AGGRESSIVE;
				GCC_WARN_UNUSED_FUNCTION = YES;
				GCC_WARN_UNUSED_VARIABLE = YES;
				IPHONEOS_DEPLOYMENT_TARGET = 11.2;
				MTL_ENABLE_DEBUG_INFO = YES;
				ONLY_ACTIVE_ARCH = YES;
				SDKROOT = iphoneos;
			};
			name = Debug;
		};
		AF7F6F9C208107E7000A8C4C /* Release */ = {
			isa = XCBuildConfiguration;
			buildSettings = {
				ALWAYS_SEARCH_USER_PATHS = NO;
				CLANG_ANALYZER_NONNULL = YES;
				CLANG_ANALYZER_NUMBER_OBJECT_CONVERSION = YES_AGGRESSIVE;
				CLANG_CXX_LANGUAGE_STANDARD = "gnu++14";
				CLANG_CXX_LIBRARY = "libc++";
				CLANG_ENABLE_MODULES = YES;
				CLANG_ENABLE_OBJC_ARC = YES;
				CLANG_WARN_BLOCK_CAPTURE_AUTORELEASING = YES;
				CLANG_WARN_BOOL_CONVERSION = YES;
				CLANG_WARN_COMMA = YES;
				CLANG_WARN_CONSTANT_CONVERSION = YES;
				CLANG_WARN_DIRECT_OBJC_ISA_USAGE = YES_ERROR;
				CLANG_WARN_DOCUMENTATION_COMMENTS = YES;
				CLANG_WARN_EMPTY_BODY = YES;
				CLANG_WARN_ENUM_CONVERSION = YES;
				CLANG_WARN_INFINITE_RECURSION = YES;
				CLANG_WARN_INT_CONVERSION = YES;
				CLANG_WARN_NON_LITERAL_NULL_CONVERSION = YES;
				CLANG_WARN_OBJC_LITERAL_CONVERSION = YES;
				CLANG_WARN_OBJC_ROOT_CLASS = YES_ERROR;
				CLANG_WARN_RANGE_LOOP_ANALYSIS = YES;
				CLANG_WARN_STRICT_PROTOTYPES = YES;
				CLANG_WARN_SUSPICIOUS_MOVE = YES;
				CLANG_WARN_UNGUARDED_AVAILABILITY = YES_AGGRESSIVE;
				CLANG_WARN_UNREACHABLE_CODE = YES;
				CLANG_WARN__DUPLICATE_METHOD_MATCH = YES;
				CODE_SIGN_IDENTITY = "iPhone Developer";
				COPY_PHASE_STRIP = NO;
				DEBUG_INFORMATION_FORMAT = "dwarf-with-dsym";
				ENABLE_NS_ASSERTIONS = NO;
				ENABLE_STRICT_OBJC_MSGSEND = YES;
				GCC_C_LANGUAGE_STANDARD = gnu11;
				GCC_NO_COMMON_BLOCKS = YES;
				GCC_WARN_64_TO_32_BIT_CONVERSION = YES;
				GCC_WARN_ABOUT_RETURN_TYPE = YES_ERROR;
				GCC_WARN_UNDECLARED_SELECTOR = YES;
				GCC_WARN_UNINITIALIZED_AUTOS = YES_AGGRESSIVE;
				GCC_WARN_UNUSED_FUNCTION = YES;
				GCC_WARN_UNUSED_VARIABLE = YES;
				IPHONEOS_DEPLOYMENT_TARGET = 11.2;
				MTL_ENABLE_DEBUG_INFO = NO;
				SDKROOT = iphoneos;
				VALIDATE_PRODUCT = YES;
			};
			name = Release;
		};
		AF7F6F9E208107E7000A8C4C /* Debug */ = {
			isa = XCBuildConfiguration;
			buildSettings = {
				ASSETCATALOG_COMPILER_APPICON_NAME = AppIcon;
				ASSETCATALOG_COMPILER_LAUNCHIMAGE_NAME = LaunchImage;
				CODE_SIGN_IDENTITY = "Apple Development";
				"CODE_SIGN_IDENTITY[sdk=iphoneos*]" = "iPhone Developer";
				CODE_SIGN_STYLE = Manual;
				DEVELOPMENT_TEAM = "";
				"DEVELOPMENT_TEAM[sdk=iphoneos*]" = NHYHE776Y8;
				INFOPLIST_FILE = LuaApp/Info.plist;
				IPHONEOS_DEPLOYMENT_TARGET = 12.0;
				LD_RUNPATH_SEARCH_PATHS = "$(inherited) @executable_path/Frameworks";
				PRODUCT_BUNDLE_IDENTIFIER = com.cmcc.shanxi.aiplan;
				PRODUCT_NAME = "$(TARGET_NAME)";
				PROVISIONING_PROFILE = "b857a747-69b5-48d0-9720-b85ae851acb3";
				PROVISIONING_PROFILE_SPECIFIER = "";
				"PROVISIONING_PROFILE_SPECIFIER[sdk=iphoneos*]" = "iOS Team Provisioning Profile:**";
				TARGETED_DEVICE_FAMILY = "1,2";
			};
			name = Debug;
		};
		AF7F6F9F208107E7000A8C4C /* Release */ = {
			isa = XCBuildConfiguration;
			buildSettings = {
				ASSETCATALOG_COMPILER_APPICON_NAME = AppIcon;
				ASSETCATALOG_COMPILER_LAUNCHIMAGE_NAME = LaunchImage;
				CODE_SIGN_STYLE = Manual;
				DEVELOPMENT_TEAM = "";
				"DEVELOPMENT_TEAM[sdk=iphoneos*]" = NHYHE776Y8;
				INFOPLIST_FILE = LuaApp/Info.plist;
				IPHONEOS_DEPLOYMENT_TARGET = 12.0;
				LD_RUNPATH_SEARCH_PATHS = "$(inherited) @executable_path/Frameworks";
				PRODUCT_BUNDLE_IDENTIFIER = com.cmcc.shanxi.aiplan;
				PRODUCT_NAME = "$(TARGET_NAME)";
				PROVISIONING_PROFILE_SPECIFIER = "";
				"PROVISIONING_PROFILE_SPECIFIER[sdk=iphoneos*]" = "iOS Team Provisioning Profile:**";
				TARGETED_DEVICE_FAMILY = "1,2";
			};
			name = Release;
		};
/* End XCBuildConfiguration section */

/* Begin XCConfigurationList section */
		AF7F6F82208107E7000A8C4C /* Build configuration list for PBXProject "LuaApp" */ = {
			isa = XCConfigurationList;
			buildConfigurations = (
				AF7F6F9B208107E7000A8C4C /* Debug */,
				AF7F6F9C208107E7000A8C4C /* Release */,
			);
			defaultConfigurationIsVisible = 0;
			defaultConfigurationName = Release;
		};
		AF7F6F9D208107E7000A8C4C /* Build configuration list for PBXNativeTarget "LuaApp" */ = {
			isa = XCConfigurationList;
			buildConfigurations = (
				AF7F6F9E208107E7000A8C4C /* Debug */,
				AF7F6F9F208107E7000A8C4C /* Release */,
			);
			defaultConfigurationIsVisible = 0;
			defaultConfigurationName = Release;
		};
/* End XCConfigurationList section */
	};
	rootObject = AF7F6F7F208107E7000A8C4C /* Project object */;
}
